GIT
  remote: https://github.com/hmcts/et-fake-ccd.git
  revision: bbe97454aad2d69b9240744d667145e63d112b03
  tag: v3.2.3
  specs:
    et_fake_ccd (3.2.3)
      activemodel (>= 7.0)
      json-schema (~> 4.1.1)
      puma (>= 6.4)
      roda (~> 3.21)
      rotp (~> 6.2)
      thor (~> 1.5)
      tilt (~> 2.0, >= 2.0.9)

GIT
  remote: https://github.com/hmcts/gov_fake_notify.git
  revision: 77ed4f93f094393a196f0823eb8a69b68416995b
  tag: v3.0.0
  specs:
    gov_fake_notify (3.0.0)
      activemodel (>= 6.1)
      jwt (~> 3.0)
      mail (~> 2.7, >= 2.7.1)
      pstore (~> 0.2.1)
      puma (>= 6.0)
      rack (>= 2.0)
      roda (~> 3.48)
      thor (~> 1.1)
      tilt (~> 2.0, >= 2.0.10)

GEM
  remote: https://rubygems.org/
  specs:
    activemodel (7.1.3.4)
      activesupport (= 7.1.3.4)
    activesupport (7.1.3.4)
      base64
      bigdecimal
      concurrent-ruby (~> 1.0, >= 1.0.2)
      connection_pool (>= 2.2.5)
      drb
      i18n (>= 1.6, < 2)
      minitest (>= 5.1)
      mutex_m
      tzinfo (~> 2.0)
    addressable (2.8.7)
      public_suffix (>= 2.0.2, < 7.0)
    base64 (0.3.0)
    bigdecimal (4.1.3)
    concurrent-ruby (1.3.8)
    connection_pool (3.0.2)
    date (3.3.3)
    drb (2.2.3)
    et_fake_acas_server (4.0.2)
      activesupport (>= 6.1)
      nokogiri (~> 1.8, >= 1.8.2)
      ostruct
      puma (~> 8.0)
      rack (~> 3.0)
      sinatra (>= 3.0)
      sinatra-contrib (>= 3.0)
    foreman (0.87.2)
    i18n (1.15.2)
      concurrent-ruby (~> 1.0)
    json-schema (4.1.1)
      addressable (>= 2.8)
    jwt (3.2.0)
      base64
    logger (1.7.0)
    mail (2.8.1)
      mini_mime (>= 0.1.1)
      net-imap
      net-pop
      net-smtp
    mini_mime (1.1.2)
    mini_portile2 (2.8.9)
    minitest (6.0.6)
      drb (~> 2.0)
      prism (~> 1.5)
    multi_json (1.21.2)
    mustermann (3.1.1)
    mutex_m (0.3.0)
    net-imap (0.3.4)
      date
      net-protocol
    net-pop (0.1.2)
      net-protocol
    net-protocol (0.2.1)
      timeout
    net-smtp (0.3.3)
      net-protocol
    nio4r (2.7.5)
    nokogiri (1.19.4)
      mini_portile2 (~> 2.8.2)
      racc (~> 1.4)
    ostruct (0.6.3)
    prism (1.9.0)
    pstore (0.2.1)
    public_suffix (6.0.0)
    puma (8.0.2)
      nio4r (~> 2.0)
    racc (1.8.1)
    rack (3.2.7)
    rack-protection (4.2.1)
      base64 (>= 0.1.0)
      logger (>= 1.6.0)
      rack (>= 3.0.0, < 4)
    rack-session (2.1.2)
      base64 (>= 0.1.0)
      rack (>= 3.0.0)
    roda (3.81.0)
      rack
    rotp (6.3.0)
    sinatra (4.2.1)
      logger (>= 1.6.0)
      mustermann (~> 3.0)
      rack (>= 3.0.0, < 4)
      rack-protection (= 4.2.1)
      rack-session (>= 2.0.0, < 3)
      tilt (~> 2.0)
    sinatra-contrib (4.2.1)
      multi_json (>= 0.0.2)
      mustermann (~> 3.0)
      rack-protection (= 4.2.1)
      sinatra (= 4.2.1)
      tilt (~> 2.0)
    thor (1.5.0)
    tilt (2.9.0)
    timeout (0.3.2)
    tzinfo (2.0.6)
      concurrent-ruby (~> 1.0)

PLATFORMS
  ruby

DEPENDENCIES
  et_fake_acas_server (~> 4.0)
  et_fake_ccd!
  foreman (~> 0.87.2)
  gov_fake_notify!

BUNDLED WITH
   2.5.7
